// !$*UTF8*$!
{
	archiveVersion = 1;
	classes = {
	};
	objectVersion = 50;
	objects = {

/* Begin PBXBuildFile section */
		3AA3B45825952A6B00FF4AE1 /* AppDelegate.swift in Sources */ = {isa = PBXBuildFile; fileRef = 3AA3B45725952A6B00FF4AE1 /* AppDelegate.swift */; };
		3AA3B45A25952A6B00FF4AE1 /* SceneDelegate.swift in Sources */ = {isa = PBXBuildFile; fileRef = 3AA3B45925952A6B00FF4AE1 /* SceneDelegate.swift */; };
		3AA3B45C25952A6B00FF4AE1 /* ViewController.swift in Sources */ = {isa = PBXBuildFile; fileRef = 3AA3B45B25952A6B00FF4AE1 /* ViewController.swift */; };
		3AA3B45F25952A6B00FF4AE1 /* Main.storyboard in Resources */ = {isa = PBXBuildFile; fileRef = 3AA3B45D25952A6B00FF4AE1 /* Main.storyboard */; };
		3AA3B46125952A6D00FF4AE1 /* Assets.xcassets in Resources */ = {isa = PBXBuildFile; fileRef = 3AA3B46025952A6D00FF4AE1 /* Assets.xcassets */; };
		3AA3B46425952A6D00FF4AE1 /* LaunchScreen.storyboard in Resources */ = {isa = PBXBuildFile; fileRef = 3AA3B46225952A6D00FF4AE1 /* LaunchScreen.storyboard */; };
		3AA3B46F25952A6D00FF4AE1 /* PokerOddsTests.swift in Sources */ = {isa = PBXBuildFile; fileRef = 3AA3B46E25952A6D00FF4AE1 /* PokerOddsTests.swift */; };
		3AA3B47A25952A6D00FF4AE1 /* PokerOddsUITests.swift in Sources */ = {isa = PBXBuildFile; fileRef = 3AA3B47925952A6D00FF4AE1 /* PokerOddsUITests.swift */; };
/* End PBXBuildFile section */

/* Begin PBXContainerItemProxy section */
		3AA3B46B25952A6D00FF4AE1 /* PBXContainerItemProxy */ = {
			isa = PBXContainerItemProxy;
			containerPortal = 3AA3B44C25952A6B00FF4AE1 /* Project object */;
			proxyType = 1;
			remoteGlobalIDString = 3AA3B45325952A6B00FF4AE1;
			remoteInfo = PokerOdds;
		};
		3AA3B47625952A6D00FF4AE1 /* PBXContainerItemProxy */ = {
			isa = PBXContainerItemProxy;
			containerPortal = 3AA3B44C25952A6B00FF4AE1 /* Project object */;
			proxyType = 1;
			remoteGlobalIDString = 3AA3B45325952A6B00FF4AE1;
			remoteInfo = PokerOdds;
		};
/* End PBXContainerItemProxy section */

/* Begin PBXFileReference section */
		3AA3B45425952A6B00FF4AE1 /* PokerOdds.app */ = {isa = PBXFileReference; explicitFileType = wrapper.application; includeInIndex = 0; path = PokerOdds.app; sourceTree = BUILT_PRODUCTS_DIR; };
		3AA3B45725952A6B00FF4AE1 /* AppDelegate.swift */ = {isa = PBXFileReference; lastKnownFileType = sourcecode.swift; path = AppDelegate.swift; sourceTree = "<group>"; };
		3AA3B45925952A6B00FF4AE1 /* SceneDelegate.swift */ = {isa = PBXFileReference; lastKnownFileType = sourcecode.swift; path = SceneDelegate.swift; sourceTree = "<group>"; };
		3AA3B45B25952A6B00FF4AE1 /* ViewController.swift */ = {isa = PBXFileReference; lastKnownFileType = sourcecode.swift; path = ViewController.swift; sourceTree = "<group>"; };
		3AA3B45E25952A6B00FF4AE1 /* Base */ = {isa = PBXFileReference; lastKnownFileType = file.storyboard; name = Base; path = Base.lproj/Main.storyboard; sourceTree = "<group>"; };
		3AA3B46025952A6D00FF4AE1 /* Assets.xcassets */ = {isa = PBXFileReference; lastKnownFileType = folder.assetcatalog; path = Assets.xcassets; sourceTree = "<group>"; };
		3AA3B46325952A6D00FF4AE1 /* Base */ = {isa = PBXFileReference; lastKnownFileType = file.storyboard; name = Base; path = Base.lproj/LaunchScreen.storyboard; sourceTree = "<group>"; };
		3AA3B46525952A6D00FF4AE1 /* Info.plist */ = {isa = PBXFileReference; lastKnownFileType = text.plist.xml; path = Info.plist; sourceTree = "<group>"; };
		3AA3B46A25952A6D00FF4AE1 /* PokerOddsTests.xctest */ = {isa = PBXFileReference; explicitFileType = wrapper.cfbundle; includeInIndex = 0; path = PokerOddsTests.xctest; sourceTree = BUILT_PRODUCTS_DIR; };
		3AA3B46E25952A6D00FF4AE1 /* PokerOddsTests.swift */ = {isa = PBXFileReference; lastKnownFileType = sourcecode.swift; path = PokerOddsTests.swift; sourceTree = "<group>"; };
		3AA3B47025952A6D00FF4AE1 /* Info.plist */ = {isa = PBXFileReference; lastKnownFileType = text.plist.xml; path = Info.plist; sourceTree = "<group>"; };
		3AA3B47525952A6D00FF4AE1 /* PokerOddsUITests.xctest */ = {isa = PBXFileReference; explicitFileType = wrapper.cfbundle; includeInIndex = 0; path = PokerOddsUITests.xctest; sourceTree = BUILT_PRODUCTS_DIR; };
		3AA3B47925952A6D00FF4AE1 /* PokerOddsUITests.swift */ = {isa = PBXFileReference; lastKnownFileType = sourcecode.swift; path = PokerOddsUITests.swift; sourceTree = "<group>"; };
		3AA3B47B25952A6D00FF4AE1 /* Info.plist */ = {isa = PBXFileReference; lastKnownFileType = text.plist.xml; path = Info.plist; sourceTree = "<group>"; };
/* End PBXFileReference section */

/* Begin PBXFrameworksBuildPhase section */
		3AA3B45125952A6B00FF4AE1 /* Frameworks */ = {
			isa = PBXFrameworksBuildPhase;
			buildActionMask = 2147483647;
			files = (
			);
			runOnlyForDeploymentPostprocessing = 0;
		};
		3AA3B46725952A6D00FF4AE1 /* Frameworks */ = {
			isa = PBXFrameworksBuildPhase;
			buildActionMask = 2147483647;
			files = (
			);
			runOnlyForDeploymentPostprocessing = 0;
		};
		3AA3B47225952A6D00FF4AE1 /* Frameworks */ = {
			isa = PBXFrameworksBuildPhase;
			buildActionMask = 2147483647;
			files = (
			);
			runOnlyForDeploymentPostprocessing = 0;
		};
/* End PBXFrameworksBuildPhase section */

/* Begin PBXGroup section */
		3AA3B44B25952A6B00FF4AE1 = {
			isa = PBXGroup;
			children = (
				3AA3B45625952A6B00FF4AE1 /* PokerOdds */,
				3AA3B46D25952A6D00FF4AE1 /* PokerOddsTests */,
				3AA3B47825952A6D00FF4AE1 /* PokerOddsUITests */,
				3AA3B45525952A6B00FF4AE1 /* Products */,
			);
			sourceTree = "<group>";
		};
		3AA3B45525952A6B00FF4AE1 /* Products */ = {
			isa = PBXGroup;
			children = (
				3AA3B45425952A6B00FF4AE1 /* PokerOdds.app */,
				3AA3B46A25952A6D00FF4AE1 /* PokerOddsTests.xctest */,
				3AA3B47525952A6D00FF4AE1 /* PokerOddsUITests.xctest */,
			);
			name = Products;
			sourceTree = "<group>";
		};
		3AA3B45625952A6B00FF4AE1 /* PokerOdds */ = {
			isa = PBXGroup;
			children = (
				3AA3B45725952A6B00FF4AE1 /* AppDelegate.swift */,
				3AA3B45925952A6B00FF4AE1 /* SceneDelegate.swift */,
				3AA3B45B25952A6B00FF4AE1 /* ViewController.swift */,
				3AA3B45D25952A6B00FF4AE1 /* Main.storyboard */,
				3AA3B46025952A6D00FF4AE1 /* Assets.xcassets */,
				3AA3B46225952A6D00FF4AE1 /* LaunchScreen.storyboard */,
				3AA3B46525952A6D00FF4AE1 /* Info.plist */,
			);
			path = PokerOdds;
			sourceTree = "<group>";
		};
		3AA3B46D25952A6D00FF4AE1 /* PokerOddsTests */ = {
			isa = PBXGroup;
			children = (
				3AA3B46E25952A6D00FF4AE1 /* PokerOddsTests.swift */,
				3AA3B47025952A6D00FF4AE1 /* Info.plist */,
			);
			path = PokerOddsTests;
			sourceTree = "<group>";
		};
		3AA3B47825952A6D00FF4AE1 /* PokerOddsUITests */ = {
			isa = PBXGroup;
			children = (
				3AA3B47925952A6D00FF4AE1 /* PokerOddsUITests.swift */,
				3AA3B47B25952A6D00FF4AE1 /* Info.plist */,
			);
			path = PokerOddsUITests;
			sourceTree = "<group>";
		};
/* End PBXGroup section */

/* Begin PBXNativeTarget section */
		3AA3B45325952A6B00FF4AE1 /* PokerOdds */ = {
			isa = PBXNativeTarget;
			buildConfigurationList = 3AA3B47E25952A6D00FF4AE1 /* Build configuration list for PBXNativeTarget "PokerOdds" */;
			buildPhases = (
				3AA3B45025952A6B00FF4AE1 /* Sources */,
				3AA3B45125952A6B00FF4AE1 /* Frameworks */,
				3AA3B45225952A6B00FF4AE1 /* Resources */,
			);
			buildRules = (
			);
			dependencies = (
			);
			name = PokerOdds;
			productName = PokerOdds;
			productReference = 3AA3B45425952A6B00FF4AE1 /* PokerOdds.app */;
			productType = "com.apple.product-type.application";
		};
		3AA3B46925952A6D00FF4AE1 /* PokerOddsTests */ = {
			isa = PBXNativeTarget;
			buildConfigurationList = 3AA3B48125952A6D00FF4AE1 /* Build configuration list for PBXNativeTarget "PokerOddsTests" */;
			buildPhases = (
				3AA3B46625952A6D00FF4AE1 /* Sources */,
				3AA3B46725952A6D00FF4AE1 /* Frameworks */,
				3AA3B46825952A6D00FF4AE1 /* Resources */,
			);
			buildRules = (
			);
			dependencies = (
				3AA3B46C25952A6D00FF4AE1 /* PBXTargetDependency */,
			);
			name = PokerOddsTests;
			productName = PokerOddsTests;
			productReference = 3AA3B46A25952A6D00FF4AE1 /* PokerOddsTests.xctest */;
			productType = "com.apple.product-type.bundle.unit-test";
		};
		3AA3B47425952A6D00FF4AE1 /* PokerOddsUITests */ = {
			isa = PBXNativeTarget;
			buildConfigurationList = 3AA3B48425952A6D00FF4AE1 /* Build configuration list for PBXNativeTarget "PokerOddsUITests" */;
			buildPhases = (
				3AA3B47125952A6D00FF4AE1 /* Sources */,
				3AA3B47225952A6D00FF4AE1 /* Frameworks */,
				3AA3B47325952A6D00FF4AE1 /* Resources */,
			);
			buildRules = (
			);
			dependencies = (
				3AA3B47725952A6D00FF4AE1 /* PBXTargetDependency */,
			);
			name = PokerOddsUITests;
			productName = PokerOddsUITests;
			productReference = 3AA3B47525952A6D00FF4AE1 /* PokerOddsUITests.xctest */;
			productType = "com.apple.product-type.bundle.ui-testing";
		};
/* End PBXNativeTarget section */

/* Begin PBXProject section */
		3AA3B44C25952A6B00FF4AE1 /* Project object */ = {
			isa = PBXProject;
			attributes = {
				LastSwiftUpdateCheck = 1230;
				LastUpgradeCheck = 1230;
				TargetAttributes = {
					3AA3B45325952A6B00FF4AE1 = {
						CreatedOnToolsVersion = 12.3;
					};
					3AA3B46925952A6D00FF4AE1 = {
						CreatedOnToolsVersion = 12.3;
						TestTargetID = 3AA3B45325952A6B00FF4AE1;
					};
					3AA3B47425952A6D00FF4AE1 = {
						CreatedOnToolsVersion = 12.3;
						TestTargetID = 3AA3B45325952A6B00FF4AE1;
					};
				};
			};
			buildConfigurationList = 3AA3B44F25952A6B00FF4AE1 /* Build configuration list for PBXProject "PokerOdds" */;
			compatibilityVersion = "Xcode 9.3";
			developmentRegion = en;
			hasScannedForEncodings = 0;
			knownRegions = (
				en,
				Base,
			);
			mainGroup = 3AA3B44B25952A6B00FF4AE1;
			productRefGroup = 3AA3B45525952A6B00FF4AE1 /* Products */;
			projectDirPath = "";
			projectRoot = "";
			targets = (
				3AA3B45325952A6B00FF4AE1 /* PokerOdds */,
				3AA3B46925952A6D00FF4AE1 /* PokerOddsTests */,
				3AA3B47425952A6D00FF4AE1 /* PokerOddsUITests */,
			);
		};
/* End PBXProject section */

/* Begin PBXResourcesBuildPhase section */
		3AA3B45225952A6B00FF4AE1 /* Resources */ = {
			isa = PBXResourcesBuildPhase;
			buildActionMask = 2147483647;
			files = (
				3AA3B46425952A6D00FF4AE1 /* LaunchScreen.storyboard in Resources */,
				3AA3B46125952A6D00FF4AE1 /* Assets.xcassets in Resources */,
				3AA3B45F25952A6B00FF4AE1 /* Main.storyboard in Resources */,
			);
			runOnlyForDeploymentPostprocessing = 0;
		};
		3AA3B46825952A6D00FF4AE1 /* Resources */ = {
			isa = PBXResourcesBuildPhase;
			buildActionMask = 2147483647;
			files = (
			);
			runOnlyForDeploymentPostprocessing = 0;
		};
		3AA3B47325952A6D00FF4AE1 /* Resources */ = {
			isa = PBXResourcesBuildPhase;
			buildActionMask = 2147483647;
			files = (
			);
			runOnlyForDeploymentPostprocessing = 0;
		};
/* End PBXResourcesBuildPhase section */

/* Begin PBXSourcesBuildPhase section */
		3AA3B45025952A6B00FF4AE1 /* Sources */ = {
			isa = PBXSourcesBuildPhase;
			buildActionMask = 2147483647;
			files = (
				3AA3B45C25952A6B00FF4AE1 /* ViewController.swift in Sources */,
				3AA3B45825952A6B00FF4AE1 /* AppDelegate.swift in Sources */,
				3AA3B45A25952A6B00FF4AE1 /* SceneDelegate.swift in Sources */,
			);
			runOnlyForDeploymentPostprocessing = 0;
		};
		3AA3B46625952A6D00FF4AE1 /* Sources */ = {
			isa = PBXSourcesBuildPhase;
			buildActionMask = 2147483647;
			files = (
				3AA3B46F25952A6D00FF4AE1 /* PokerOddsTests.swift in Sources */,
			);
			runOnlyForDeploymentPostprocessing = 0;
		};
		3AA3B47125952A6D00FF4AE1 /* Sources */ = {
			isa = PBXSourcesBuildPhase;
			buildActionMask = 2147483647;
			files = (
				3AA3B47A25952A6D00FF4AE1 /* PokerOddsUITests.swift in Sources */,
			);
			runOnlyForDeploymentPostprocessing = 0;
		};
/* End PBXSourcesBuildPhase section */

/* Begin PBXTargetDependency section */
		3AA3B46C25952A6D00FF4AE1 /* PBXTargetDependency */ = {
			isa = PBXTargetDependency;
			target = 3AA3B45325952A6B00FF4AE1 /* PokerOdds */;
			targetProxy = 3AA3B46B25952A6D00FF4AE1 /* PBXContainerItemProxy */;
		};
		3AA3B47725952A6D00FF4AE1 /* PBXTargetDependency */ = {
			isa = PBXTargetDependency;
			target = 3AA3B45325952A6B00FF4AE1 /* PokerOdds */;
			targetProxy = 3AA3B47625952A6D00FF4AE1 /* PBXContainerItemProxy */;
		};
/* End PBXTargetDependency section */

/* Begin PBXVariantGroup section */
		3AA3B45D25952A6B00FF4AE1 /* Main.storyboard */ = {
			isa = PBXVariantGroup;
			children = (
				3AA3B45E25952A6B00FF4AE1 /* Base */,
			);
			name = Main.storyboard;
			sourceTree = "<group>";
		};
		3AA3B46225952A6D00FF4AE1 /* LaunchScreen.storyboard */ = {
			isa = PBXVariantGroup;
			children = (
				3AA3B46325952A6D00FF4AE1 /* Base */,
			);
			name = LaunchScreen.storyboard;
			sourceTree = "<group>";
		};
/* End PBXVariantGroup section */

/* Begin XCBuildConfiguration section */
		3AA3B47C25952A6D00FF4AE1 /* Debug */ = {
			isa = XCBuildConfiguration;
			buildSettings = {
				ALWAYS_SEARCH_USER_PATHS = NO;
				CLANG_ANALYZER_NONNULL = YES;
				CLANG_ANALYZER_NUMBER_OBJECT_CONVERSION = YES_AGGRESSIVE;
				CLANG_CXX_LANGUAGE_STANDARD = "gnu++14";
				CLANG_CXX_LIBRARY = "libc++";
				CLANG_ENABLE_MODULES = YES;
				CLANG_ENABLE_OBJC_ARC = YES;
				CLANG_ENABLE_OBJC_WEAK = YES;
				CLANG_WARN_BLOCK_CAPTURE_AUTORELEASING = YES;
				CLANG_WARN_BOOL_CONVERSION = YES;
				CLANG_WARN_COMMA = YES;
				CLANG_WARN_CONSTANT_CONVERSION = YES;
				CLANG_WARN_DEPRECATED_OBJC_IMPLEMENTATIONS = YES;
				CLANG_WARN_DIRECT_OBJC_ISA_USAGE = YES_ERROR;
				CLANG_WARN_DOCUMENTATION_COMMENTS = YES;
				CLANG_WARN_EMPTY_BODY = YES;
				CLANG_WARN_ENUM_CONVERSION = YES;
				CLANG_WARN_INFINITE_RECURSION = YES;
				CLANG_WARN_INT_CONVERSION = YES;
				CLANG_WARN_NON_LITERAL_NULL_CONVERSION = YES;
				CLANG_WARN_OBJC_IMPLICIT_RETAIN_SELF = YES;
				CLANG_WARN_OBJC_LITERAL_CONVERSION = YES;
				CLANG_WARN_OBJC_ROOT_CLASS = YES_ERROR;
				CLANG_WARN_QUOTED_INCLUDE_IN_FRAMEWORK_HEADER = YES;
				CLANG_WARN_RANGE_LOOP_ANALYSIS = YES;
				CLANG_WARN_STRICT_PROTOTYPES = YES;
				CLANG_WARN_SUSPICIOUS_MOVE = YES;
				CLANG_WARN_UNGUARDED_AVAILABILITY = YES_AGGRESSIVE;
				CLANG_WARN_UNREACHABLE_CODE = YES;
				CLANG_WARN__DUPLICATE_METHOD_MATCH = YES;
				COPY_PHASE_STRIP = NO;
				DEBUG_INFORMATION_FORMAT = dwarf;
				ENABLE_STRICT_OBJC_MSGSEND = YES;
				ENABLE_TESTABILITY = YES;
				GCC_C_LANGUAGE_STANDARD = gnu11;
				GCC_DYNAMIC_NO_PIC = NO;
				GCC_NO_COMMON_BLOCKS = YES;
				GCC_OPTIMIZATION_LEVEL = 0;
				GCC_PREPROCESSOR_DEFINITIONS = (
					"DEBUG=1",
					"$(inherited)",
				);
				GCC_WARN_64_TO_32_BIT_CONVERSION = YES;
				GCC_WARN_ABOUT_RETURN_TYPE = YES_ERROR;
				GCC_WARN_UNDECLARED_SELECTOR = YES;
				GCC_WARN_UNINITIALIZED_AUTOS = YES_AGGRESSIVE;
				GCC_WARN_UNUSED_FUNCTION = YES;
				GCC_WARN_UNUSED_VARIABLE = YES;
				IPHONEOS_DEPLOYMENT_TARGET = 14.3;
				MTL_ENABLE_DEBUG_INFO = INCLUDE_SOURCE;
				MTL_FAST_MATH = YES;
				ONLY_ACTIVE_ARCH = YES;
				SDKROOT = iphoneos;
				SWIFT_ACTIVE_COMPILATION_CONDITIONS = DEBUG;
				SWIFT_OPTIMIZATION_LEVEL = "-Onone";
			};
			name = Debug;
		};
		3AA3B47D25952A6D00FF4AE1 /* Release */ = {
			isa = XCBuildConfiguration;
			buildSettings = {
				ALWAYS_SEARCH_USER_PATHS = NO;
				CLANG_ANALYZER_NONNULL = YES;
				CLANG_ANALYZER_NUMBER_OBJECT_CONVERSION = YES_AGGRESSIVE;
				CLANG_CXX_LANGUAGE_STANDARD = "gnu++14";
				CLANG_CXX_LIBRARY = "libc++";
				CLANG_ENABLE_MODULES = YES;
				CLANG_ENABLE_OBJC_ARC = YES;
				CLANG_ENABLE_OBJC_WEAK = YES;
				CLANG_WARN_BLOCK_CAPTURE_AUTORELEASING = YES;
				CLANG_WARN_BOOL_CONVERSION = YES;
				CLANG_WARN_COMMA = YES;
				CLANG_WARN_CONSTANT_CONVERSION = YES;
				CLANG_WARN_DEPRECATED_OBJC_IMPLEMENTATIONS = YES;
				CLANG_WARN_DIRECT_OBJC_ISA_USAGE = YES_ERROR;
				CLANG_WARN_DOCUMENTATION_COMMENTS = YES;
				CLANG_WARN_EMPTY_BODY = YES;
				CLANG_WARN_ENUM_CONVERSION = YES;
				CLANG_WARN_INFINITE_RECURSION = YES;
				CLANG_WARN_INT_CONVERSION = YES;
				CLANG_WARN_NON_LITERAL_NULL_CONVERSION = YES;
				CLANG_WARN_OBJC_IMPLICIT_RETAIN_SELF = YES;
				CLANG_WARN_OBJC_LITERAL_CONVERSION = YES;
				CLANG_WARN_OBJC_ROOT_CLASS = YES_ERROR;
				CLANG_WARN_QUOTED_INCLUDE_IN_FRAMEWORK_HEADER = YES;
				CLANG_WARN_RANGE_LOOP_ANALYSIS = YES;
				CLANG_WARN_STRICT_PROTOTYPES = YES;
				CLANG_WARN_SUSPICIOUS_MOVE = YES;
				CLANG_WARN_UNGUARDED_AVAILABILITY = YES_AGGRESSIVE;
				CLANG_WARN_UNREACHABLE_CODE = YES;
				CLANG_WARN__DUPLICATE_METHOD_MATCH = YES;
				COPY_PHASE_STRIP = NO;
				DEBUG_INFORMATION_FORMAT = "dwarf-with-dsym";
				ENABLE_NS_ASSERTIONS = NO;
				ENABLE_STRICT_OBJC_MSGSEND = YES;
				GCC_C_LANGUAGE_STANDARD = gnu11;
				GCC_NO_COMMON_BLOCKS = YES;
				GCC_WARN_64_TO_32_BIT_CONVERSION = YES;
				GCC_WARN_ABOUT_RETURN_TYPE = YES_ERROR;
				GCC_WARN_UNDECLARED_SELECTOR = YES;
				GCC_WARN_UNINITIALIZED_AUTOS = YES_AGGRESSIVE;
				GCC_WARN_UNUSED_FUNCTION = YES;
				GCC_WARN_UNUSED_VARIABLE = YES;
				IPHONEOS_DEPLOYMENT_TARGET = 14.3;
				MTL_ENABLE_DEBUG_INFO = NO;
				MTL_FAST_MATH = YES;
				SDKROOT = iphoneos;
				SWIFT_COMPILATION_MODE = wholemodule;
				SWIFT_OPTIMIZATION_LEVEL = "-O";
				VALIDATE_PRODUCT = YES;
			};
			name = Release;
		};
		3AA3B47F25952A6D00FF4AE1 /* Debug */ = {
			isa = XCBuildConfiguration;
			buildSettings = {
				ASSETCATALOG_COMPILER_APPICON_NAME = AppIcon;
				ASSETCATALOG_COMPILER_GLOBAL_ACCENT_COLOR_NAME = AccentColor;
				CODE_SIGN_STYLE = Automatic;
				INFOPLIST_FILE = PokerOdds/Info.plist;
				LD_RUNPATH_SEARCH_PATHS = (
					"$(inherited)",
					"@executable_path/Frameworks",
				);
				PRODUCT_BUNDLE_IDENTIFIER = haimingxu.PokerOdds;
				PRODUCT_NAME = "$(TARGET_NAME)";
				SWIFT_VERSION = 5.0;
				TARGETED_DEVICE_FAMILY = "1,2";
			};
			name = Debug;
		};
		3AA3B48025952A6D00FF4AE1 /* Release */ = {
			isa = XCBuildConfiguration;
			buildSettings = {
				ASSETCATALOG_COMPILER_APPICON_NAME = AppIcon;
				ASSETCATALOG_COMPILER_GLOBAL_ACCENT_COLOR_NAME = AccentColor;
				CODE_SIGN_STYLE = Automatic;
				INFOPLIST_FILE = PokerOdds/Info.plist;
				LD_RUNPATH_SEARCH_PATHS = (
					"$(inherited)",
					"@executable_path/Frameworks",
				);
				PRODUCT_BUNDLE_IDENTIFIER = haimingxu.PokerOdds;
				PRODUCT_NAME = "$(TARGET_NAME)";
				SWIFT_VERSION = 5.0;
				TARGETED_DEVICE_FAMILY = "1,2";
			};
			name = Release;
		};
		3AA3B48225952A6D00FF4AE1 /* Debug */ = {
			isa = XCBuildConfiguration;
			buildSettings = {
				ALWAYS_EMBED_SWIFT_STANDARD_LIBRARIES = YES;
				BUNDLE_LOADER = "$(TEST_HOST)";
				CODE_SIGN_STYLE = Automatic;
				INFOPLIST_FILE = PokerOddsTests/Info.plist;
				IPHONEOS_DEPLOYMENT_TARGET = 14.3;
				LD_RUNPATH_SEARCH_PATHS = (
					"$(inherited)",
					"@executable_path/Frameworks",
					"@loader_path/Frameworks",
				);
				PRODUCT_BUNDLE_IDENTIFIER = haimingxu.PokerOddsTests;
				PRODUCT_NAME = "$(TARGET_NAME)";
				SWIFT_VERSION = 5.0;
				TARGETED_DEVICE_FAMILY = "1,2";
				TEST_HOST = "$(BUILT_PRODUCTS_DIR)/PokerOdds.app/PokerOdds";
			};
			name = Debug;
		};
		3AA3B48325952A6D00FF4AE1 /* Release */ = {
			isa = XCBuildConfiguration;
			buildSettings = {
				ALWAYS_EMBED_SWIFT_STANDARD_LIBRARIES = YES;
				BUNDLE_LOADER = "$(TEST_HOST)";
				CODE_SIGN_STYLE = Automatic;
				INFOPLIST_FILE = PokerOddsTests/Info.plist;
				IPHONEOS_DEPLOYMENT_TARGET = 14.3;
				LD_RUNPATH_SEARCH_PATHS = (
					"$(inherited)",
					"@executable_path/Frameworks",
					"@loader_path/Frameworks",
				);
				PRODUCT_BUNDLE_IDENTIFIER = haimingxu.PokerOddsTests;
				PRODUCT_NAME = "$(TARGET_NAME)";
				SWIFT_VERSION = 5.0;
				TARGETED_DEVICE_FAMILY = "1,2";
				TEST_HOST = "$(BUILT_PRODUCTS_DIR)/PokerOdds.app/PokerOdds";
			};
			name = Release;
		};
		3AA3B48525952A6D00FF4AE1 /* Debug */ = {
			isa = XCBuildConfiguration;
			buildSettings = {
				ALWAYS_EMBED_SWIFT_STANDARD_LIBRARIES = YES;
				CODE_SIGN_STYLE = Automatic;
				INFOPLIST_FILE = PokerOddsUITests/Info.plist;
				LD_RUNPATH_SEARCH_PATHS = (
					"$(inherited)",
					"@executable_path/Frameworks",
					"@loader_path/Frameworks",
				);
				PRODUCT_BUNDLE_IDENTIFIER = haimingxu.PokerOddsUITests;
				PRODUCT_NAME = "$(TARGET_NAME)";
				SWIFT_VERSION = 5.0;
				TARGETED_DEVICE_FAMILY = "1,2";
				TEST_TARGET_NAME = PokerOdds;
			};
			name = Debug;
		};
		3AA3B48625952A6D00FF4AE1 /* Release */ = {
			isa = XCBuildConfiguration;
			buildSettings = {
				ALWAYS_EMBED_SWIFT_STANDARD_LIBRARIES = YES;
				CODE_SIGN_STYLE = Automatic;
				INFOPLIST_FILE = PokerOddsUITests/Info.plist;
				LD_RUNPATH_SEARCH_PATHS = (
					"$(inherited)",
					"@executable_path/Frameworks",
					"@loader_path/Frameworks",
				);
				PRODUCT_BUNDLE_IDENTIFIER = haimingxu.PokerOddsUITests;
				PRODUCT_NAME = "$(TARGET_NAME)";
				SWIFT_VERSION = 5.0;
				TARGETED_DEVICE_FAMILY = "1,2";
				TEST_TARGET_NAME = PokerOdds;
			};
			name = Release;
		};
/* End XCBuildConfiguration section */

/* Begin XCConfigurationList section */
		3AA3B44F25952A6B00FF4AE1 /* Build configuration list for PBXProject "PokerOdds" */ = {
			isa = XCConfigurationList;
			buildConfigurations = (
				3AA3B47C25952A6D00FF4AE1 /* Debug */,
				3AA3B47D25952A6D00FF4AE1 /* Release */,
			);
			defaultConfigurationIsVisible = 0;
			defaultConfigurationName = Release;
		};
		3AA3B47E25952A6D00FF4AE1 /* Build configuration list for PBXNativeTarget "PokerOdds" */ = {
			isa = XCConfigurationList;
			buildConfigurations = (
				3AA3B47F25952A6D00FF4AE1 /* Debug */,
				3AA3B48025952A6D00FF4AE1 /* Release */,
			);
			defaultConfigurationIsVisible = 0;
			defaultConfigurationName = Release;
		};
		3AA3B48125952A6D00FF4AE1 /* Build configuration list for PBXNativeTarget "PokerOddsTests" */ = {
			isa = XCConfigurationList;
			buildConfigurations = (
				3AA3B48225952A6D00FF4AE1 /* Debug */,
				3AA3B48325952A6D00FF4AE1 /* Release */,
			);
			defaultConfigurationIsVisible = 0;
			defaultConfigurationName = Release;
		};
		3AA3B48425952A6D00FF4AE1 /* Build configuration list for PBXNativeTarget "PokerOddsUITests" */ = {
			isa = XCConfigurationList;
			buildConfigurations = (
				3AA3B48525952A6D00FF4AE1 /* Debug */,
				3AA3B48625952A6D00FF4AE1 /* Release */,
			);
			defaultConfigurationIsVisible = 0;
			defaultConfigurationName = Release;
		};
/* End XCConfigurationList section */
	};
	rootObject = 3AA3B44C25952A6B00FF4AE1 /* Project object */;
}
